
Microsoft Visual Studio Solution File, Format Version 12.00
# Visual Studio Version 17
VisualStudioVersion = 17.10.35027.167
MinimumVisualStudioVersion = 10.0.40219.1
Project("{FAE04EC0-301F-11D3-BF4B-00C04F79EFBC}") = "DataAccess", "DataAccess\DataAccess.csproj", "{CF5C22F6-ED56-4079-89BB-8CA5D0CD5F49}"
EndProject
Project("{FAE04EC0-301F-11D3-BF4B-00C04F79EFBC}") = "Business", "Business\Business.csproj", "{9548FC36-B1C2-481C-94CC-B95435DE3BD0}"
EndProject
Project("{FAE04EC0-301F-11D3-BF4B-00C04F79EFBC}") = "Entities", "Entities\Entities.csproj", "{93DB9660-95B7-4D94-8749-532C6A4A3D32}"
EndProject
Project("{FAE04EC0-301F-11D3-BF4B-00C04F79EFBC}") = "ConsoleUI", "ConsoleUI\ConsoleUI.csproj", "{8BB0440D-3910-4D6A-A1D4-69D4F9BA0398}"
EndProject
Global
	GlobalSection(SolutionConfigurationPlatforms) = preSolution
		Debug|Any CPU = Debug|Any CPU
		Release|Any CPU = Release|Any CPU
	EndGlobalSection
	GlobalSection(ProjectConfigurationPlatforms) = postSolution
		{CF5C22F6-ED56-4079-89BB-8CA5D0CD5F49}.Debug|Any CPU.ActiveCfg = Debug|Any CPU
		{CF5C22F6-ED56-4079-89BB-8CA5D0CD5F49}.Debug|Any CPU.Build.0 = Debug|Any CPU
		{CF5C22F6-ED56-4079-89BB-8CA5D0CD5F49}.Release|Any CPU.ActiveCfg = Release|Any CPU
		{CF5C22F6-ED56-4079-89BB-8CA5D0CD5F49}.Release|Any CPU.Build.0 = Release|Any CPU
		{9548FC36-B1C2-481C-94CC-B95435DE3BD0}.Debug|Any CPU.ActiveCfg = Debug|Any CPU
		{9548FC36-B1C2-481C-94CC-B95435DE3BD0}.Debug|Any CPU.Build.0 = Debug|Any CPU
		{9548FC36-B1C2-481C-94CC-B95435DE3BD0}.Release|Any CPU.ActiveCfg = Release|Any CPU
		{9548FC36-B1C2-481C-94CC-B95435DE3BD0}.Release|Any CPU.Build.0 = Release|Any CPU
		{93DB9660-95B7-4D94-8749-532C6A4A3D32}.Debug|Any CPU.ActiveCfg = Debug|Any CPU
		{93DB9660-95B7-4D94-8749-532C6A4A3D32}.Debug|Any CPU.Build.0 = Debug|Any CPU
		{93DB9660-95B7-4D94-8749-532C6A4A3D32}.Release|Any CPU.ActiveCfg = Release|Any CPU
		{93DB9660-95B7-4D94-8749-532C6A4A3D32}.Release|Any CPU.Build.0 = Release|Any CPU
		{8BB0440D-3910-4D6A-A1D4-69D4F9BA0398}.Debug|Any CPU.ActiveCfg = Debug|Any CPU
		{8BB0440D-3910-4D6A-A1D4-69D4F9BA0398}.Debug|Any CPU.Build.0 = Debug|Any CPU
		{8BB0440D-3910-4D6A-A1D4-69D4F9BA0398}.Release|Any CPU.ActiveCfg = Release|Any CPU
		{8BB0440D-3910-4D6A-A1D4-69D4F9BA0398}.Release|Any CPU.Build.0 = Release|Any CPU
	EndGlobalSection
	GlobalSection(SolutionProperties) = preSolution
		HideSolutionNode = FALSE
	EndGlobalSection
	GlobalSection(ExtensibilityGlobals) = postSolution
		SolutionGuid = {1430CBD7-72A1-4EE6-8F81-A7D5B7F6F114}
	EndGlobalSection
EndGlobal
